<Solution>
  <!-- TensorAgent: the iPhone/iPad app. Only the MAUI head lives here for now;
       TensorAgent.Core and tests/TensorAgent.Tests are added by their own
       packages. The engine projects are pulled in through ProjectReferences
       from the head, so they do not need to be listed. -->
  <Project Path="src/TensorAgent.Maui/TensorAgent.Maui.csproj" />
</Solution>
